
Microsoft Visual Studio Solution File, Format Version 12.00
# Visual Studio 15
VisualStudioVersion = 15.0.26124.0
MinimumVisualStudioVersion = 15.0.26124.0
Project("{FAE04EC0-301F-11D3-BF4B-00C04F79EFBC}") = "frontend", "frontend\frontend.csproj", "{03FCD641-FCDF-429E-A012-126FFA542229}"
EndProject
Project("{FAE04EC0-301F-11D3-BF4B-00C04F79EFBC}") = "api", "api\api.csproj", "{5ADE6313-50A8-46AA-A609-A9737D8555A2}"
EndProject
Project("{FAE04EC0-301F-11D3-BF4B-00C04F79EFBC}") = "CommonContracts", "CommonContracts\CommonContracts.csproj", "{46BE6C84-E45D-47E6-9476-D19CB62E32AA}"
EndProject
Global
	GlobalSection(SolutionConfigurationPlatforms) = preSolution
		Debug|Any CPU = Debug|Any CPU
		Debug|x64 = Debug|x64
		Debug|x86 = Debug|x86
		Release|Any CPU = Release|Any CPU
		Release|x64 = Release|x64
		Release|x86 = Release|x86
	EndGlobalSection
	GlobalSection(SolutionProperties) = preSolution
		HideSolutionNode = FALSE
	EndGlobalSection
	GlobalSection(ProjectConfigurationPlatforms) = postSolution
		{03FCD641-FCDF-429E-A012-126FFA542229}.Debug|Any CPU.ActiveCfg = Debug|Any CPU
		{03FCD641-FCDF-429E-A012-126FFA542229}.Debug|Any CPU.Build.0 = Debug|Any CPU
		{03FCD641-FCDF-429E-A012-126FFA542229}.Debug|x64.ActiveCfg = Debug|Any CPU
		{03FCD641-FCDF-429E-A012-126FFA542229}.Debug|x64.Build.0 = Debug|Any CPU
		{03FCD641-FCDF-429E-A012-126FFA542229}.Debug|x86.ActiveCfg = Debug|Any CPU
		{03FCD641-FCDF-429E-A012-126FFA542229}.Debug|x86.Build.0 = Debug|Any CPU
		{03FCD641-FCDF-429E-A012-126FFA542229}.Release|Any CPU.ActiveCfg = Release|Any CPU
		{03FCD641-FCDF-429E-A012-126FFA542229}.Release|Any CPU.Build.0 = Release|Any CPU
		{03FCD641-FCDF-429E-A012-126FFA542229}.Release|x64.ActiveCfg = Release|Any CPU
		{03FCD641-FCDF-429E-A012-126FFA542229}.Release|x64.Build.0 = Release|Any CPU
		{03FCD641-FCDF-429E-A012-126FFA542229}.Release|x86.ActiveCfg = Release|Any CPU
		{03FCD641-FCDF-429E-A012-126FFA542229}.Release|x86.Build.0 = Release|Any CPU
		{5ADE6313-50A8-46AA-A609-A9737D8555A2}.Debug|Any CPU.ActiveCfg = Debug|Any CPU
		{5ADE6313-50A8-46AA-A609-A9737D8555A2}.Debug|Any CPU.Build.0 = Debug|Any CPU
		{5ADE6313-50A8-46AA-A609-A9737D8555A2}.Debug|x64.ActiveCfg = Debug|Any CPU
		{5ADE6313-50A8-46AA-A609-A9737D8555A2}.Debug|x64.Build.0 = Debug|Any CPU
		{5ADE6313-50A8-46AA-A609-A9737D8555A2}.Debug|x86.ActiveCfg = Debug|Any CPU
		{5ADE6313-50A8-46AA-A609-A9737D8555A2}.Debug|x86.Build.0 = Debug|Any CPU
		{5ADE6313-50A8-46AA-A609-A9737D8555A2}.Release|Any CPU.ActiveCfg = Release|Any CPU
		{5ADE6313-50A8-46AA-A609-A9737D8555A2}.Release|Any CPU.Build.0 = Release|Any CPU
		{5ADE6313-50A8-46AA-A609-A9737D8555A2}.Release|x64.ActiveCfg = Release|Any CPU
		{5ADE6313-50A8-46AA-A609-A9737D8555A2}.Release|x64.Build.0 = Release|Any CPU
		{5ADE6313-50A8-46AA-A609-A9737D8555A2}.Release|x86.ActiveCfg = Release|Any CPU
		{5ADE6313-50A8-46AA-A609-A9737D8555A2}.Release|x86.Build.0 = Release|Any CPU
		{46BE6C84-E45D-47E6-9476-D19CB62E32AA}.Debug|Any CPU.ActiveCfg = Debug|Any CPU
		{46BE6C84-E45D-47E6-9476-D19CB62E32AA}.Debug|Any CPU.Build.0 = Debug|Any CPU
		{46BE6C84-E45D-47E6-9476-D19CB62E32AA}.Debug|x64.ActiveCfg = Debug|Any CPU
		{46BE6C84-E45D-47E6-9476-D19CB62E32AA}.Debug|x64.Build.0 = Debug|Any CPU
		{46BE6C84-E45D-47E6-9476-D19CB62E32AA}.Debug|x86.ActiveCfg = Debug|Any CPU
		{46BE6C84-E45D-47E6-9476-D19CB62E32AA}.Debug|x86.Build.0 = Debug|Any CPU
		{46BE6C84-E45D-47E6-9476-D19CB62E32AA}.Release|Any CPU.ActiveCfg = Release|Any CPU
		{46BE6C84-E45D-47E6-9476-D19CB62E32AA}.Release|Any CPU.Build.0 = Release|Any CPU
		{46BE6C84-E45D-47E6-9476-D19CB62E32AA}.Release|x64.ActiveCfg = Release|Any CPU
		{46BE6C84-E45D-47E6-9476-D19CB62E32AA}.Release|x64.Build.0 = Release|Any CPU
		{46BE6C84-E45D-47E6-9476-D19CB62E32AA}.Release|x86.ActiveCfg = Release|Any CPU
		{46BE6C84-E45D-47E6-9476-D19CB62E32AA}.Release|x86.Build.0 = Release|Any CPU
	EndGlobalSection
EndGlobal
